
Microsoft Visual Studio Solution File, Format Version 12.00
# Visual Studio Version 16
VisualStudioVersion = 16.0.31205.134
MinimumVisualStudioVersion = 10.0.40219.1
Project("{9A19103F-16F7-4668-BE54-9A1E7A4F7556}") = "Build", "Build\Build.csproj", "{04CE14E0-F40C-401A-9166-376C622EAE17}"
EndProject
Global
	GlobalSection(SolutionConfigurationPlatforms) = preSolution
		Debug|Any CPU = Debug|Any CPU
		Release|Any CPU = Release|Any CPU
	EndGlobalSection
	GlobalSection(ProjectConfigurationPlatforms) = postSolution
		{04CE14E0-F40C-401A-9166-376C622EAE17}.Debug|Any CPU.ActiveCfg = Debug|Any CPU
		{04CE14E0-F40C-401A-9166-376C622EAE17}.Debug|Any CPU.Build.0 = Debug|Any CPU
		{04CE14E0-F40C-401A-9166-376C622EAE17}.Release|Any CPU.ActiveCfg = Release|Any CPU
		{04CE14E0-F40C-401A-9166-376C622EAE17}.Release|Any CPU.Build.0 = Release|Any CPU
	EndGlobalSection
	GlobalSection(SolutionProperties) = preSolution
		HideSolutionNode = FALSE
	EndGlobalSection
	GlobalSection(ExtensibilityGlobals) = postSolution
		SolutionGuid = {7B497CF7-3C52-4421-9420-369401AA07EC}
	EndGlobalSection
EndGlobal
